
Microsoft Visual Studio Solution File, Format Version 12.00
# Visual Studio 15
VisualStudioVersion = 15.0.27130.2010
MinimumVisualStudioVersion = 10.0.40219.1
Project("{FAE04EC0-301F-11D3-BF4B-00C04F79EFBC}") = "mathquiz", "mathquiz\mathquiz.csproj", "{5D1758DF-6DD1-455E-8081-EDE466A3714A}"
EndProject
Global
	GlobalSection(SolutionConfigurationPlatforms) = preSolution
		Debug|Any CPU = Debug|Any CPU
		Release|Any CPU = Release|Any CPU
	EndGlobalSection
	GlobalSection(ProjectConfigurationPlatforms) = postSolution
		{5D1758DF-6DD1-455E-8081-EDE466A3714A}.Debug|Any CPU.ActiveCfg = Debug|Any CPU
		{5D1758DF-6DD1-455E-8081-EDE466A3714A}.Debug|Any CPU.Build.0 = Debug|Any CPU
		{5D1758DF-6DD1-455E-8081-EDE466A3714A}.Release|Any CPU.ActiveCfg = Release|Any CPU
		{5D1758DF-6DD1-455E-8081-EDE466A3714A}.Release|Any CPU.Build.0 = Release|Any CPU
	EndGlobalSection
	GlobalSection(SolutionProperties) = preSolution
		HideSolutionNode = FALSE
	EndGlobalSection
	GlobalSection(ExtensibilityGlobals) = postSolution
		SolutionGuid = {609B0E64-A33F-4F62-A2F3-7006CB5317C5}
	EndGlobalSection
EndGlobal
